<?xml version="1.0" encoding="utf-8"?>
<Project ToolsVersion="4.0" xmlns="http://schemas.microsoft.com/developer/msbuild/2003">
  <ItemGroup>
    <Filter Include="ソース ファイル">
      <UniqueIdentifier>{4FC737F1-C7A5-4376-A066-2A32D752A2FF}</UniqueIdentifier>
      <Extensions>cpp;c;cc;cxx;c++;cppm;ixx;def;odl;idl;hpj;bat;asm;asmx</Extensions>
    </Filter>
    <Filter Include="ヘッダー ファイル">
      <UniqueIdentifier>{93995380-89BD-4b04-88EB-625FBE52EBFB}</UniqueIdentifier>
      <Extensions>h;hh;hpp;hxx;h++;hm;inl;inc;ipp;xsd</Extensions>
    </Filter>
    <Filter Include="リソース ファイル">
      <UniqueIdentifier>{67DA6AB6-F800-4c08-8B7A-83BB121AAD01}</UniqueIdentifier>
      <Extensions>rc;ico;cur;bmp;dlg;rc2;rct;bin;rgs;gif;jpg;jpeg;jpe;resx;tiff;tif;png;wav;mfcribbon-ms</Extensions>
    </Filter>
    <Filter Include="リソース ファイル\モデル">
      <UniqueIdentifier>{7f28d730-b360-4ed4-9ab4-8d726a4c0a0e}</UniqueIdentifier>
    </Filter>
    <Filter Include="リソース ファイル\モデル\プレイヤー">
      <UniqueIdentifier>{f20dd498-bf41-464e-9977-658fed3c8340}</UniqueIdentifier>
    </Filter>
    <Filter Include="player">
      <UniqueIdentifier>{213ba8cd-b827-412c-b2be-aa722522c6d7}</UniqueIdentifier>
    </Filter>
    <Filter Include="LoadStage">
      <UniqueIdentifier>{94fa7845-1877-46cd-9453-25ffa81d4782}</UniqueIdentifier>
    </Filter>
    <Filter Include="Stage">
      <UniqueIdentifier>{cd040f15-28b5-4246-835b-dc08daba465f}</UniqueIdentifier>
    </Filter>
  </ItemGroup>
  <ItemGroup>
    <ClCompile Include="main.cpp">
      <Filter>ソース ファイル</Filter>
    </ClCompile>
    <ClCompile Include="Player.cpp">
      <Filter>player</Filter>
    </ClCompile>
    <ClCompile Include="LoadStage.cpp">
      <Filter>LoadStage</Filter>
    </ClCompile>
    <ClCompile Include="Stage.cpp">
      <Filter>Stage</Filter>
    </ClCompile>
    <ClCompile Include="Collision.cpp">
      <Filter>ソース ファイル</Filter>
    </ClCompile>
    <ClCompile Include="StageMoveParticle.cpp">
      <Filter>ソース ファイル</Filter>
    </ClCompile>
    <ClCompile Include="Warp.cpp">
      <Filter>ソース ファイル</Filter>
    </ClCompile>
    <ClCompile Include="SeaParticle.cpp">
      <Filter>ソース ファイル</Filter>
    </ClCompile>
    <ClCompile Include="GameCommonData.cpp">
      <Filter>ソース ファイル</Filter>
    </ClCompile>
  </ItemGroup>
  <ItemGroup>
    <ClInclude Include="BlockData.h">
      <Filter>ヘッダー ファイル</Filter>
    </ClInclude>
    <ClInclude Include="Player.h">
      <Filter>player</Filter>
    </ClInclude>
    <ClInclude Include="LoadStage.h">
      <Filter>LoadStage</Filter>
    </ClInclude>
    <ClInclude Include="Stage.h">
      <Filter>Stage</Filter>
    </ClInclude>
    <ClInclude Include="Collision.h">
      <Filter>ヘッダー ファイル</Filter>
    </ClInclude>
    <ClInclude Include="StageMoveParticle.h">
      <Filter>ヘッダー ファイル</Filter>
    </ClInclude>
    <ClInclude Include="Warp.h">
      <Filter>ヘッダー ファイル</Filter>
    </ClInclude>
    <ClInclude Include="SeaParticle.h">
      <Filter>ソース ファイル</Filter>
    </ClInclude>
    <ClInclude Include="GameCommonData.h">
      <Filter>ヘッダー ファイル</Filter>
    </ClInclude>
  </ItemGroup>
  <ItemGroup>
    <Image Include="Resources\background.png">
      <Filter>リソース ファイル</Filter>
    </Image>
    <Image Include="Resources\test.jpeg">
      <Filter>リソース ファイル</Filter>
    </Image>
    <Image Include="Resources\objFiles\player\player.png">
      <Filter>リソース ファイル\モデル\プレイヤー</Filter>
    </Image>
  </ItemGroup>
  <ItemGroup>
    <None Include="Resources\objFiles\player\player.mtl">
      <Filter>リソース ファイル\モデル\プレイヤー</Filter>
    </None>
  </ItemGroup>
</Project>